
Microsoft Visual Studio Solution File, Format Version 12.00
# Visual Studio 15
VisualStudioVersion = 15.0.27004.2009
MinimumVisualStudioVersion = 10.0.40219.1
Project("{FAE04EC0-301F-11D3-BF4B-00C04F79EFBC}") = "task_1", "task_1\task_1.csproj", "{AB0EA933-8376-4854-9923-DE4AE03D7DD8}"
EndProject
Project("{FAE04EC0-301F-11D3-BF4B-00C04F79EFBC}") = "task_2", "task_2\task_2.csproj", "{963AF95A-F280-4678-A123-F171C4B10A9E}"
EndProject
Project("{FAE04EC0-301F-11D3-BF4B-00C04F79EFBC}") = "task_3", "task_3\task_3.csproj", "{89094FAE-75AC-4D77-A967-C63F6ABAA6E1}"
EndProject
Global
	GlobalSection(SolutionConfigurationPlatforms) = preSolution
		Debug|Any CPU = Debug|Any CPU
		Release|Any CPU = Release|Any CPU
	EndGlobalSection
	GlobalSection(ProjectConfigurationPlatforms) = postSolution
		{AB0EA933-8376-4854-9923-DE4AE03D7DD8}.Debug|Any CPU.ActiveCfg = Debug|Any CPU
		{AB0EA933-8376-4854-9923-DE4AE03D7DD8}.Debug|Any CPU.Build.0 = Debug|Any CPU
		{AB0EA933-8376-4854-9923-DE4AE03D7DD8}.Release|Any CPU.ActiveCfg = Release|Any CPU
		{AB0EA933-8376-4854-9923-DE4AE03D7DD8}.Release|Any CPU.Build.0 = Release|Any CPU
		{963AF95A-F280-4678-A123-F171C4B10A9E}.Debug|Any CPU.ActiveCfg = Debug|Any CPU
		{963AF95A-F280-4678-A123-F171C4B10A9E}.Debug|Any CPU.Build.0 = Debug|Any CPU
		{963AF95A-F280-4678-A123-F171C4B10A9E}.Release|Any CPU.ActiveCfg = Release|Any CPU
		{963AF95A-F280-4678-A123-F171C4B10A9E}.Release|Any CPU.Build.0 = Release|Any CPU
		{89094FAE-75AC-4D77-A967-C63F6ABAA6E1}.Debug|Any CPU.ActiveCfg = Debug|Any CPU
		{89094FAE-75AC-4D77-A967-C63F6ABAA6E1}.Debug|Any CPU.Build.0 = Debug|Any CPU
		{89094FAE-75AC-4D77-A967-C63F6ABAA6E1}.Release|Any CPU.ActiveCfg = Release|Any CPU
		{89094FAE-75AC-4D77-A967-C63F6ABAA6E1}.Release|Any CPU.Build.0 = Release|Any CPU
	EndGlobalSection
	GlobalSection(SolutionProperties) = preSolution
		HideSolutionNode = FALSE
	EndGlobalSection
	GlobalSection(ExtensibilityGlobals) = postSolution
		SolutionGuid = {3797B7B0-7739-475A-B605-887231E1945A}
	EndGlobalSection
EndGlobal
